{
  "requires": true,
  "lockfileVersion": 1,
  "dependencies": {
    "html-template-literal": {
      "version": "1.0.6",
      "resolved": "https://registry.npmjs.org/html-template-literal/-/html-template-literal-1.0.6.tgz",
      "integrity": "sha512-K8kfwUl0I/rjAcmU54eQxPmDK4+NkqUK/1v/W6o8wgCsCUaEfwbWXd/rbjf8sbwCTo61LD+0Ht434c9N8LWSEw=="
    }
  }
}
